
Microsoft Visual Studio Solution File, Format Version 12.00
# Visual Studio Version 16
VisualStudioVersion = 16.0.29911.84
MinimumVisualStudioVersion = 10.0.40219.1
Project("{FAE04EC0-301F-11D3-BF4B-00C04F79EFBC}") = "TextEditer31128", "TextEditer31128\TextEditer31128.csproj", "{042F09C1-AF61-49CB-B630-CBBAB31DFCC5}"
EndProject
Global
	GlobalSection(SolutionConfigurationPlatforms) = preSolution
		Debug|Any CPU = Debug|Any CPU
		Release|Any CPU = Release|Any CPU
	EndGlobalSection
	GlobalSection(ProjectConfigurationPlatforms) = postSolution
		{042F09C1-AF61-49CB-B630-CBBAB31DFCC5}.Debug|Any CPU.ActiveCfg = Debug|Any CPU
		{042F09C1-AF61-49CB-B630-CBBAB31DFCC5}.Debug|Any CPU.Build.0 = Debug|Any CPU
		{042F09C1-AF61-49CB-B630-CBBAB31DFCC5}.Release|Any CPU.ActiveCfg = Release|Any CPU
		{042F09C1-AF61-49CB-B630-CBBAB31DFCC5}.Release|Any CPU.Build.0 = Release|Any CPU
	EndGlobalSection
	GlobalSection(SolutionProperties) = preSolution
		HideSolutionNode = FALSE
	EndGlobalSection
	GlobalSection(ExtensibilityGlobals) = postSolution
		SolutionGuid = {339833B6-4228-4F49-ACA0-70B4455A4C6B}
	EndGlobalSection
EndGlobal
